// !$*UTF8*$!
{
	archiveVersion = 1;
	classes = {
	};
	objectVersion = 51;
	objects = {

/* Begin PBXBuildFile section */
		D13754712648A638001B00B9 /* PhotoViewController.swift in Sources */ = {isa = PBXBuildFile; fileRef = D13754702648A638001B00B9 /* PhotoViewController.swift */; };
		D13754742648A964001B00B9 /* Photo.swift in Sources */ = {isa = PBXBuildFile; fileRef = D13754732648A964001B00B9 /* Photo.swift */; };
		D13754942648AAB9001B00B9 /* Recipes.swift in Sources */ = {isa = PBXBuildFile; fileRef = D13754932648AAB9001B00B9 /* Recipes.swift */; };
		D175DD432646F43B0028CA14 /* GoogleService-Info.plist in Resources */ = {isa = PBXBuildFile; fileRef = D175DD422646F43B0028CA14 /* GoogleService-Info.plist */; };
		D18B9D49264B0C5B000C7A87 /* WelcomeViewController.swift in Sources */ = {isa = PBXBuildFile; fileRef = D18B9D48264B0C5B000C7A87 /* WelcomeViewController.swift */; };
		D18C99FB26470669000C3BFE /* RecipeListViewController.swift in Sources */ = {isa = PBXBuildFile; fileRef = D18C99FA26470669000C3BFE /* RecipeListViewController.swift */; };
		D18C9A2026470D73000C3BFE /* SavedRecipesListViewController.swift in Sources */ = {isa = PBXBuildFile; fileRef = D18C9A1F26470D72000C3BFE /* SavedRecipesListViewController.swift */; };
		D18C9A2426470EC5000C3BFE /* Recipe.swift in Sources */ = {isa = PBXBuildFile; fileRef = D18C9A2326470EC5000C3BFE /* Recipe.swift */; };
		D18C9A442647123E000C3BFE /* RecipeListCell.swift in Sources */ = {isa = PBXBuildFile; fileRef = D18C9A432647123E000C3BFE /* RecipeListCell.swift */; };
		D18C9A82264713AE000C3BFE /* CalendarViewController.swift in Sources */ = {isa = PBXBuildFile; fileRef = D18C9A81264713AE000C3BFE /* CalendarViewController.swift */; };
		D18C9A8626471435000C3BFE /* CalendarCell.swift in Sources */ = {isa = PBXBuildFile; fileRef = D18C9A8526471435000C3BFE /* CalendarCell.swift */; };
		D1958591264DA7AB00ECE939 /* RecipeDetailViewController.swift in Sources */ = {isa = PBXBuildFile; fileRef = D1958590264DA7AB00ECE939 /* RecipeDetailViewController.swift */; };
		D19585EE264EBD0E00ECE939 /* CalendarDetailViewController.swift in Sources */ = {isa = PBXBuildFile; fileRef = D19585ED264EBD0E00ECE939 /* CalendarDetailViewController.swift */; };
		D1958612264EBED400ECE939 /* SavedRecipeDetailViewController.swift in Sources */ = {isa = PBXBuildFile; fileRef = D1958611264EBED400ECE939 /* SavedRecipeDetailViewController.swift */; };
		D1D9297A2646EFFC009C500F /* AppDelegate.swift in Sources */ = {isa = PBXBuildFile; fileRef = D1D929792646EFFC009C500F /* AppDelegate.swift */; };
		D1D9297C2646EFFC009C500F /* SceneDelegate.swift in Sources */ = {isa = PBXBuildFile; fileRef = D1D9297B2646EFFC009C500F /* SceneDelegate.swift */; };
		D1D9297E2646EFFC009C500F /* LoginViewController.swift in Sources */ = {isa = PBXBuildFile; fileRef = D1D9297D2646EFFC009C500F /* LoginViewController.swift */; };
		D1D929812646EFFC009C500F /* Main.storyboard in Resources */ = {isa = PBXBuildFile; fileRef = D1D9297F2646EFFC009C500F /* Main.storyboard */; };
		D1D929832646EFFE009C500F /* Assets.xcassets in Resources */ = {isa = PBXBuildFile; fileRef = D1D929822646EFFE009C500F /* Assets.xcassets */; };
		D1D929862646EFFE009C500F /* LaunchScreen.storyboard in Resources */ = {isa = PBXBuildFile; fileRef = D1D929842646EFFE009C500F /* LaunchScreen.storyboard */; };
		D1ECB426265185C800FB3CC6 /* UIViewController+alert.swift in Sources */ = {isa = PBXBuildFile; fileRef = D1ECB425265185C800FB3CC6 /* UIViewController+alert.swift */; };
		E28060D589C5C7F115D1B8D8 /* Pods_ReadyRecipes.framework in Frameworks */ = {isa = PBXBuildFile; fileRef = EFDE89D7C2C273D0AF73C1B0 /* Pods_ReadyRecipes.framework */; };
/* End PBXBuildFile section */

/* Begin PBXFileReference section */
		37958D007928D6A21006A1C4 /* Pods-ReadyRecipes.debug.xcconfig */ = {isa = PBXFileReference; includeInIndex = 1; lastKnownFileType = text.xcconfig; name = "Pods-ReadyRecipes.debug.xcconfig"; path = "Target Support Files/Pods-ReadyRecipes/Pods-ReadyRecipes.debug.xcconfig"; sourceTree = "<group>"; };
		D13754702648A638001B00B9 /* PhotoViewController.swift */ = {isa = PBXFileReference; lastKnownFileType = sourcecode.swift; path = PhotoViewController.swift; sourceTree = "<group>"; };
		D13754732648A964001B00B9 /* Photo.swift */ = {isa = PBXFileReference; lastKnownFileType = sourcecode.swift; path = Photo.swift; sourceTree = "<group>"; };
		D13754932648AAB9001B00B9 /* Recipes.swift */ = {isa = PBXFileReference; lastKnownFileType = sourcecode.swift; path = Recipes.swift; sourceTree = "<group>"; };
		D175DD422646F43B0028CA14 /* GoogleService-Info.plist */ = {isa = PBXFileReference; fileEncoding = 4; lastKnownFileType = text.plist.xml; path = "GoogleService-Info.plist"; sourceTree = "<group>"; };
		D18B9D48264B0C5B000C7A87 /* WelcomeViewController.swift */ = {isa = PBXFileReference; lastKnownFileType = sourcecode.swift; path = WelcomeViewController.swift; sourceTree = "<group>"; };
		D18C99FA26470669000C3BFE /* RecipeListViewController.swift */ = {isa = PBXFileReference; lastKnownFileType = sourcecode.swift; path = RecipeListViewController.swift; sourceTree = "<group>"; };
		D18C9A1F26470D72000C3BFE /* SavedRecipesListViewController.swift */ = {isa = PBXFileReference; lastKnownFileType = sourcecode.swift; path = SavedRecipesListViewController.swift; sourceTree = "<group>"; };
		D18C9A2326470EC5000C3BFE /* Recipe.swift */ = {isa = PBXFileReference; lastKnownFileType = sourcecode.swift; path = Recipe.swift; sourceTree = "<group>"; };
		D18C9A432647123E000C3BFE /* RecipeListCell.swift */ = {isa = PBXFileReference; lastKnownFileType = sourcecode.swift; path = RecipeListCell.swift; sourceTree = "<group>"; };
		D18C9A81264713AE000C3BFE /* CalendarViewController.swift */ = {isa = PBXFileReference; lastKnownFileType = sourcecode.swift; path = CalendarViewController.swift; sourceTree = "<group>"; };
		D18C9A8526471435000C3BFE /* CalendarCell.swift */ = {isa = PBXFileReference; lastKnownFileType = sourcecode.swift; path = CalendarCell.swift; sourceTree = "<group>"; };
		D1958590264DA7AB00ECE939 /* RecipeDetailViewController.swift */ = {isa = PBXFileReference; fileEncoding = 4; lastKnownFileType = sourcecode.swift; path = RecipeDetailViewController.swift; sourceTree = "<group>"; };
		D19585ED264EBD0E00ECE939 /* CalendarDetailViewController.swift */ = {isa = PBXFileReference; lastKnownFileType = sourcecode.swift; path = CalendarDetailViewController.swift; sourceTree = "<group>"; };
		D1958611264EBED400ECE939 /* SavedRecipeDetailViewController.swift */ = {isa = PBXFileReference; lastKnownFileType = sourcecode.swift; path = SavedRecipeDetailViewController.swift; sourceTree = "<group>"; };
		D1D929762646EFFC009C500F /* ReadyRecipes.app */ = {isa = PBXFileReference; explicitFileType = wrapper.application; includeInIndex = 0; path = ReadyRecipes.app; sourceTree = BUILT_PRODUCTS_DIR; };
		D1D929792646EFFC009C500F /* AppDelegate.swift */ = {isa = PBXFileReference; lastKnownFileType = sourcecode.swift; path = AppDelegate.swift; sourceTree = "<group>"; };
		D1D9297B2646EFFC009C500F /* SceneDelegate.swift */ = {isa = PBXFileReference; lastKnownFileType = sourcecode.swift; path = SceneDelegate.swift; sourceTree = "<group>"; };
		D1D9297D2646EFFC009C500F /* LoginViewController.swift */ = {isa = PBXFileReference; lastKnownFileType = sourcecode.swift; path = LoginViewController.swift; sourceTree = "<group>"; };
		D1D929802646EFFC009C500F /* Base */ = {isa = PBXFileReference; lastKnownFileType = file.storyboard; name = Base; path = Base.lproj/Main.storyboard; sourceTree = "<group>"; };
		D1D929822646EFFE009C500F /* Assets.xcassets */ = {isa = PBXFileReference; lastKnownFileType = folder.assetcatalog; path = Assets.xcassets; sourceTree = "<group>"; };
		D1D929852646EFFE009C500F /* Base */ = {isa = PBXFileReference; lastKnownFileType = file.storyboard; name = Base; path = Base.lproj/LaunchScreen.storyboard; sourceTree = "<group>"; };
		D1D929872646EFFE009C500F /* Info.plist */ = {isa = PBXFileReference; lastKnownFileType = text.plist.xml; path = Info.plist; sourceTree = "<group>"; };
		D1ECB425265185C800FB3CC6 /* UIViewController+alert.swift */ = {isa = PBXFileReference; lastKnownFileType = sourcecode.swift; path = "UIViewController+alert.swift"; sourceTree = "<group>"; };
		D3E7BE0A0C1D70F34BAD6D4B /* Pods-ReadyRecipes.release.xcconfig */ = {isa = PBXFileReference; includeInIndex = 1; lastKnownFileType = text.xcconfig; name = "Pods-ReadyRecipes.release.xcconfig"; path = "Target Support Files/Pods-ReadyRecipes/Pods-ReadyRecipes.release.xcconfig"; sourceTree = "<group>"; };
		EFDE89D7C2C273D0AF73C1B0 /* Pods_ReadyRecipes.framework */ = {isa = PBXFileReference; explicitFileType = wrapper.framework; includeInIndex = 0; path = Pods_ReadyRecipes.framework; sourceTree = BUILT_PRODUCTS_DIR; };
/* End PBXFileReference section */

/* Begin PBXFrameworksBuildPhase section */
		D1D929732646EFFC009C500F /* Frameworks */ = {
			isa = PBXFrameworksBuildPhase;
			buildActionMask = 2147483647;
			files = (
				E28060D589C5C7F115D1B8D8 /* Pods_ReadyRecipes.framework in Frameworks */,
			);
			runOnlyForDeploymentPostprocessing = 0;
		};
/* End PBXFrameworksBuildPhase section */

/* Begin PBXGroup section */
		5A462644AC147369520F8202 /* Frameworks */ = {
			isa = PBXGroup;
			children = (
				EFDE89D7C2C273D0AF73C1B0 /* Pods_ReadyRecipes.framework */,
			);
			name = Frameworks;
			sourceTree = "<group>";
		};
		9474ED4A4A855C199FB16B2E /* Pods */ = {
			isa = PBXGroup;
			children = (
				37958D007928D6A21006A1C4 /* Pods-ReadyRecipes.debug.xcconfig */,
				D3E7BE0A0C1D70F34BAD6D4B /* Pods-ReadyRecipes.release.xcconfig */,
			);
			path = Pods;
			sourceTree = "<group>";
		};
		D1D9296D2646EFFC009C500F = {
			isa = PBXGroup;
			children = (
				D1D929782646EFFC009C500F /* ReadyRecipes */,
				D1D929772646EFFC009C500F /* Products */,
				9474ED4A4A855C199FB16B2E /* Pods */,
				5A462644AC147369520F8202 /* Frameworks */,
			);
			sourceTree = "<group>";
		};
		D1D929772646EFFC009C500F /* Products */ = {
			isa = PBXGroup;
			children = (
				D1D929762646EFFC009C500F /* ReadyRecipes.app */,
			);
			name = Products;
			sourceTree = "<group>";
		};
		D1D929782646EFFC009C500F /* ReadyRecipes */ = {
			isa = PBXGroup;
			children = (
				D1D929792646EFFC009C500F /* AppDelegate.swift */,
				D1D9297B2646EFFC009C500F /* SceneDelegate.swift */,
				D18C9A2326470EC5000C3BFE /* Recipe.swift */,
				D13754932648AAB9001B00B9 /* Recipes.swift */,
				D13754732648A964001B00B9 /* Photo.swift */,
				D18B9D48264B0C5B000C7A87 /* WelcomeViewController.swift */,
				D1D9297D2646EFFC009C500F /* LoginViewController.swift */,
				D18C99FA26470669000C3BFE /* RecipeListViewController.swift */,
				D18C9A432647123E000C3BFE /* RecipeListCell.swift */,
				D1958590264DA7AB00ECE939 /* RecipeDetailViewController.swift */,
				D1958611264EBED400ECE939 /* SavedRecipeDetailViewController.swift */,
				D18C9A81264713AE000C3BFE /* CalendarViewController.swift */,
				D19585ED264EBD0E00ECE939 /* CalendarDetailViewController.swift */,
				D18C9A8526471435000C3BFE /* CalendarCell.swift */,
				D13754702648A638001B00B9 /* PhotoViewController.swift */,
				D1ECB425265185C800FB3CC6 /* UIViewController+alert.swift */,
				D18C9A1F26470D72000C3BFE /* SavedRecipesListViewController.swift */,
				D1D9297F2646EFFC009C500F /* Main.storyboard */,
				D1D929822646EFFE009C500F /* Assets.xcassets */,
				D1D929842646EFFE009C500F /* LaunchScreen.storyboard */,
				D1D929872646EFFE009C500F /* Info.plist */,
				D175DD422646F43B0028CA14 /* GoogleService-Info.plist */,
			);
			path = ReadyRecipes;
			sourceTree = "<group>";
		};
/* End PBXGroup section */

/* Begin PBXNativeTarget section */
		D1D929752646EFFC009C500F /* ReadyRecipes */ = {
			isa = PBXNativeTarget;
			buildConfigurationList = D1D9298A2646EFFE009C500F /* Build configuration list for PBXNativeTarget "ReadyRecipes" */;
			buildPhases = (
				5C0221EDB13D561E9750FC98 /* [CP] Check Pods Manifest.lock */,
				D1D929722646EFFC009C500F /* Sources */,
				D1D929732646EFFC009C500F /* Frameworks */,
				D1D929742646EFFC009C500F /* Resources */,
				31CE38F4B713023074F61F06 /* [CP] Embed Pods Frameworks */,
				47C04539367CE26211082AAA /* [CP] Copy Pods Resources */,
			);
			buildRules = (
			);
			dependencies = (
			);
			name = ReadyRecipes;
			productName = ReadyRecipes;
			productReference = D1D929762646EFFC009C500F /* ReadyRecipes.app */;
			productType = "com.apple.product-type.application";
		};
/* End PBXNativeTarget section */

/* Begin PBXProject section */
		D1D9296E2646EFFC009C500F /* Project object */ = {
			isa = PBXProject;
			attributes = {
				LastSwiftUpdateCheck = 1240;
				LastUpgradeCheck = 1240;
				TargetAttributes = {
					D1D929752646EFFC009C500F = {
						CreatedOnToolsVersion = 12.4;
					};
				};
			};
			buildConfigurationList = D1D929712646EFFC009C500F /* Build configuration list for PBXProject "ReadyRecipes" */;
			compatibilityVersion = "Xcode 9.3";
			developmentRegion = en;
			hasScannedForEncodings = 0;
			knownRegions = (
				en,
				Base,
			);
			mainGroup = D1D9296D2646EFFC009C500F;
			productRefGroup = D1D929772646EFFC009C500F /* Products */;
			projectDirPath = "";
			projectRoot = "";
			targets = (
				D1D929752646EFFC009C500F /* ReadyRecipes */,
			);
		};
/* End PBXProject section */

/* Begin PBXResourcesBuildPhase section */
		D1D929742646EFFC009C500F /* Resources */ = {
			isa = PBXResourcesBuildPhase;
			buildActionMask = 2147483647;
			files = (
				D1D929862646EFFE009C500F /* LaunchScreen.storyboard in Resources */,
				D175DD432646F43B0028CA14 /* GoogleService-Info.plist in Resources */,
				D1D929832646EFFE009C500F /* Assets.xcassets in Resources */,
				D1D929812646EFFC009C500F /* Main.storyboard in Resources */,
			);
			runOnlyForDeploymentPostprocessing = 0;
		};
/* End PBXResourcesBuildPhase section */

/* Begin PBXShellScriptBuildPhase section */
		31CE38F4B713023074F61F06 /* [CP] Embed Pods Frameworks */ = {
			isa = PBXShellScriptBuildPhase;
			buildActionMask = 2147483647;
			files = (
			);
			inputFileListPaths = (
				"${PODS_ROOT}/Target Support Files/Pods-ReadyRecipes/Pods-ReadyRecipes-frameworks-${CONFIGURATION}-input-files.xcfilelist",
			);
			name = "[CP] Embed Pods Frameworks";
			outputFileListPaths = (
				"${PODS_ROOT}/Target Support Files/Pods-ReadyRecipes/Pods-ReadyRecipes-frameworks-${CONFIGURATION}-output-files.xcfilelist",
			);
			runOnlyForDeploymentPostprocessing = 0;
			shellPath = /bin/sh;
			shellScript = "\"${PODS_ROOT}/Target Support Files/Pods-ReadyRecipes/Pods-ReadyRecipes-frameworks.sh\"\n";
			showEnvVarsInLog = 0;
		};
		47C04539367CE26211082AAA /* [CP] Copy Pods Resources */ = {
			isa = PBXShellScriptBuildPhase;
			buildActionMask = 2147483647;
			files = (
			);
			inputFileListPaths = (
				"${PODS_ROOT}/Target Support Files/Pods-ReadyRecipes/Pods-ReadyRecipes-resources-${CONFIGURATION}-input-files.xcfilelist",
			);
			name = "[CP] Copy Pods Resources";
			outputFileListPaths = (
				"${PODS_ROOT}/Target Support Files/Pods-ReadyRecipes/Pods-ReadyRecipes-resources-${CONFIGURATION}-output-files.xcfilelist",
			);
			runOnlyForDeploymentPostprocessing = 0;
			shellPath = /bin/sh;
			shellScript = "\"${PODS_ROOT}/Target Support Files/Pods-ReadyRecipes/Pods-ReadyRecipes-resources.sh\"\n";
			showEnvVarsInLog = 0;
		};
		5C0221EDB13D561E9750FC98 /* [CP] Check Pods Manifest.lock */ = {
			isa = PBXShellScriptBuildPhase;
			buildActionMask = 2147483647;
			files = (
			);
			inputFileListPaths = (
			);
			inputPaths = (
				"${PODS_PODFILE_DIR_PATH}/Podfile.lock",
				"${PODS_ROOT}/Manifest.lock",
			);
			name = "[CP] Check Pods Manifest.lock";
			outputFileListPaths = (
			);
			outputPaths = (
				"$(DERIVED_FILE_DIR)/Pods-ReadyRecipes-checkManifestLockResult.txt",
			);
			runOnlyForDeploymentPostprocessing = 0;
			shellPath = /bin/sh;
			shellScript = "diff \"${PODS_PODFILE_DIR_PATH}/Podfile.lock\" \"${PODS_ROOT}/Manifest.lock\" > /dev/null\nif [ $? != 0 ] ; then\n    # print error to STDERR\n    echo \"error: The sandbox is not in sync with the Podfile.lock. Run 'pod install' or update your CocoaPods installation.\" >&2\n    exit 1\nfi\n# This output is used by Xcode 'outputs' to avoid re-running this script phase.\necho \"SUCCESS\" > \"${SCRIPT_OUTPUT_FILE_0}\"\n";
			showEnvVarsInLog = 0;
		};
/* End PBXShellScriptBuildPhase section */

/* Begin PBXSourcesBuildPhase section */
		D1D929722646EFFC009C500F /* Sources */ = {
			isa = PBXSourcesBuildPhase;
			buildActionMask = 2147483647;
			files = (
				D13754742648A964001B00B9 /* Photo.swift in Sources */,
				D18C99FB26470669000C3BFE /* RecipeListViewController.swift in Sources */,
				D1ECB426265185C800FB3CC6 /* UIViewController+alert.swift in Sources */,
				D1D9297E2646EFFC009C500F /* LoginViewController.swift in Sources */,
				D18C9A2426470EC5000C3BFE /* Recipe.swift in Sources */,
				D18C9A82264713AE000C3BFE /* CalendarViewController.swift in Sources */,
				D18B9D49264B0C5B000C7A87 /* WelcomeViewController.swift in Sources */,
				D1958591264DA7AB00ECE939 /* RecipeDetailViewController.swift in Sources */,
				D1958612264EBED400ECE939 /* SavedRecipeDetailViewController.swift in Sources */,
				D18C9A2026470D73000C3BFE /* SavedRecipesListViewController.swift in Sources */,
				D1D9297A2646EFFC009C500F /* AppDelegate.swift in Sources */,
				D1D9297C2646EFFC009C500F /* SceneDelegate.swift in Sources */,
				D13754942648AAB9001B00B9 /* Recipes.swift in Sources */,
				D18C9A442647123E000C3BFE /* RecipeListCell.swift in Sources */,
				D19585EE264EBD0E00ECE939 /* CalendarDetailViewController.swift in Sources */,
				D18C9A8626471435000C3BFE /* CalendarCell.swift in Sources */,
				D13754712648A638001B00B9 /* PhotoViewController.swift in Sources */,
			);
			runOnlyForDeploymentPostprocessing = 0;
		};
/* End PBXSourcesBuildPhase section */

/* Begin PBXVariantGroup section */
		D1D9297F2646EFFC009C500F /* Main.storyboard */ = {
			isa = PBXVariantGroup;
			children = (
				D1D929802646EFFC009C500F /* Base */,
			);
			name = Main.storyboard;
			sourceTree = "<group>";
		};
		D1D929842646EFFE009C500F /* LaunchScreen.storyboard */ = {
			isa = PBXVariantGroup;
			children = (
				D1D929852646EFFE009C500F /* Base */,
			);
			name = LaunchScreen.storyboard;
			sourceTree = "<group>";
		};
/* End PBXVariantGroup section */

/* Begin XCBuildConfiguration section */
		D1D929882646EFFE009C500F /* Debug */ = {
			isa = XCBuildConfiguration;
			buildSettings = {
				ALWAYS_SEARCH_USER_PATHS = NO;
				CLANG_ANALYZER_NONNULL = YES;
				CLANG_ANALYZER_NUMBER_OBJECT_CONVERSION = YES_AGGRESSIVE;
				CLANG_CXX_LANGUAGE_STANDARD = "gnu++14";
				CLANG_CXX_LIBRARY = "libc++";
				CLANG_ENABLE_MODULES = YES;
				CLANG_ENABLE_OBJC_ARC = YES;
				CLANG_ENABLE_OBJC_WEAK = YES;
				CLANG_WARN_BLOCK_CAPTURE_AUTORELEASING = YES;
				CLANG_WARN_BOOL_CONVERSION = YES;
				CLANG_WARN_COMMA = YES;
				CLANG_WARN_CONSTANT_CONVERSION = YES;
				CLANG_WARN_DEPRECATED_OBJC_IMPLEMENTATIONS = YES;
				CLANG_WARN_DIRECT_OBJC_ISA_USAGE = YES_ERROR;
				CLANG_WARN_DOCUMENTATION_COMMENTS = YES;
				CLANG_WARN_EMPTY_BODY = YES;
				CLANG_WARN_ENUM_CONVERSION = YES;
				CLANG_WARN_INFINITE_RECURSION = YES;
				CLANG_WARN_INT_CONVERSION = YES;
				CLANG_WARN_NON_LITERAL_NULL_CONVERSION = YES;
				CLANG_WARN_OBJC_IMPLICIT_RETAIN_SELF = YES;
				CLANG_WARN_OBJC_LITERAL_CONVERSION = YES;
				CLANG_WARN_OBJC_ROOT_CLASS = YES_ERROR;
				CLANG_WARN_QUOTED_INCLUDE_IN_FRAMEWORK_HEADER = YES;
				CLANG_WARN_RANGE_LOOP_ANALYSIS = YES;
				CLANG_WARN_STRICT_PROTOTYPES = YES;
				CLANG_WARN_SUSPICIOUS_MOVE = YES;
				CLANG_WARN_UNGUARDED_AVAILABILITY = YES_AGGRESSIVE;
				CLANG_WARN_UNREACHABLE_CODE = YES;
				CLANG_WARN__DUPLICATE_METHOD_MATCH = YES;
				COPY_PHASE_STRIP = NO;
				DEBUG_INFORMATION_FORMAT = dwarf;
				ENABLE_STRICT_OBJC_MSGSEND = YES;
				ENABLE_TESTABILITY = YES;
				GCC_C_LANGUAGE_STANDARD = gnu11;
				GCC_DYNAMIC_NO_PIC = NO;
				GCC_NO_COMMON_BLOCKS = YES;
				GCC_OPTIMIZATION_LEVEL = 0;
				GCC_PREPROCESSOR_DEFINITIONS = (
					"DEBUG=1",
					"$(inherited)",
				);
				GCC_WARN_64_TO_32_BIT_CONVERSION = YES;
				GCC_WARN_ABOUT_RETURN_TYPE = YES_ERROR;
				GCC_WARN_UNDECLARED_SELECTOR = YES;
				GCC_WARN_UNINITIALIZED_AUTOS = YES_AGGRESSIVE;
				GCC_WARN_UNUSED_FUNCTION = YES;
				GCC_WARN_UNUSED_VARIABLE = YES;
				IPHONEOS_DEPLOYMENT_TARGET = 14.4;
				MTL_ENABLE_DEBUG_INFO = INCLUDE_SOURCE;
				MTL_FAST_MATH = YES;
				ONLY_ACTIVE_ARCH = YES;
				SDKROOT = iphoneos;
				SWIFT_ACTIVE_COMPILATION_CONDITIONS = DEBUG;
				SWIFT_OPTIMIZATION_LEVEL = "-Onone";
			};
			name = Debug;
		};
		D1D929892646EFFE009C500F /* Release */ = {
			isa = XCBuildConfiguration;
			buildSettings = {
				ALWAYS_SEARCH_USER_PATHS = NO;
				CLANG_ANALYZER_NONNULL = YES;
				CLANG_ANALYZER_NUMBER_OBJECT_CONVERSION = YES_AGGRESSIVE;
				CLANG_CXX_LANGUAGE_STANDARD = "gnu++14";
				CLANG_CXX_LIBRARY = "libc++";
				CLANG_ENABLE_MODULES = YES;
				CLANG_ENABLE_OBJC_ARC = YES;
				CLANG_ENABLE_OBJC_WEAK = YES;
				CLANG_WARN_BLOCK_CAPTURE_AUTORELEASING = YES;
				CLANG_WARN_BOOL_CONVERSION = YES;
				CLANG_WARN_COMMA = YES;
				CLANG_WARN_CONSTANT_CONVERSION = YES;
				CLANG_WARN_DEPRECATED_OBJC_IMPLEMENTATIONS = YES;
				CLANG_WARN_DIRECT_OBJC_ISA_USAGE = YES_ERROR;
				CLANG_WARN_DOCUMENTATION_COMMENTS = YES;
				CLANG_WARN_EMPTY_BODY = YES;
				CLANG_WARN_ENUM_CONVERSION = YES;
				CLANG_WARN_INFINITE_RECURSION = YES;
				CLANG_WARN_INT_CONVERSION = YES;
				CLANG_WARN_NON_LITERAL_NULL_CONVERSION = YES;
				CLANG_WARN_OBJC_IMPLICIT_RETAIN_SELF = YES;
				CLANG_WARN_OBJC_LITERAL_CONVERSION = YES;
				CLANG_WARN_OBJC_ROOT_CLASS = YES_ERROR;
				CLANG_WARN_QUOTED_INCLUDE_IN_FRAMEWORK_HEADER = YES;
				CLANG_WARN_RANGE_LOOP_ANALYSIS = YES;
				CLANG_WARN_STRICT_PROTOTYPES = YES;
				CLANG_WARN_SUSPICIOUS_MOVE = YES;
				CLANG_WARN_UNGUARDED_AVAILABILITY = YES_AGGRESSIVE;
				CLANG_WARN_UNREACHABLE_CODE = YES;
				CLANG_WARN__DUPLICATE_METHOD_MATCH = YES;
				COPY_PHASE_STRIP = NO;
				DEBUG_INFORMATION_FORMAT = "dwarf-with-dsym";
				ENABLE_NS_ASSERTIONS = NO;
				ENABLE_STRICT_OBJC_MSGSEND = YES;
				GCC_C_LANGUAGE_STANDARD = gnu11;
				GCC_NO_COMMON_BLOCKS = YES;
				GCC_WARN_64_TO_32_BIT_CONVERSION = YES;
				GCC_WARN_ABOUT_RETURN_TYPE = YES_ERROR;
				GCC_WARN_UNDECLARED_SELECTOR = YES;
				GCC_WARN_UNINITIALIZED_AUTOS = YES_AGGRESSIVE;
				GCC_WARN_UNUSED_FUNCTION = YES;
				GCC_WARN_UNUSED_VARIABLE = YES;
				IPHONEOS_DEPLOYMENT_TARGET = 14.4;
				MTL_ENABLE_DEBUG_INFO = NO;
				MTL_FAST_MATH = YES;
				SDKROOT = iphoneos;
				SWIFT_COMPILATION_MODE = wholemodule;
				SWIFT_OPTIMIZATION_LEVEL = "-O";
				VALIDATE_PRODUCT = YES;
			};
			name = Release;
		};
		D1D9298B2646EFFE009C500F /* Debug */ = {
			isa = XCBuildConfiguration;
			baseConfigurationReference = 37958D007928D6A21006A1C4 /* Pods-ReadyRecipes.debug.xcconfig */;
			buildSettings = {
				ASSETCATALOG_COMPILER_APPICON_NAME = AppIcon;
				ASSETCATALOG_COMPILER_GLOBAL_ACCENT_COLOR_NAME = AccentColor;
				CODE_SIGN_STYLE = Automatic;
				DEVELOPMENT_TEAM = RDBZB9BURP;
				INFOPLIST_FILE = ReadyRecipes/Info.plist;
				LD_RUNPATH_SEARCH_PATHS = (
					"$(inherited)",
					"@executable_path/Frameworks",
				);
				PRODUCT_BUNDLE_IDENTIFIER = "Zachary-Moelchert.ReadyRecipes";
				PRODUCT_NAME = "$(TARGET_NAME)";
				SWIFT_VERSION = 5.0;
				TARGETED_DEVICE_FAMILY = "1,2";
			};
			name = Debug;
		};
		D1D9298C2646EFFE009C500F /* Release */ = {
			isa = XCBuildConfiguration;
			baseConfigurationReference = D3E7BE0A0C1D70F34BAD6D4B /* Pods-ReadyRecipes.release.xcconfig */;
			buildSettings = {
				ASSETCATALOG_COMPILER_APPICON_NAME = AppIcon;
				ASSETCATALOG_COMPILER_GLOBAL_ACCENT_COLOR_NAME = AccentColor;
				CODE_SIGN_STYLE = Automatic;
				DEVELOPMENT_TEAM = RDBZB9BURP;
				INFOPLIST_FILE = ReadyRecipes/Info.plist;
				LD_RUNPATH_SEARCH_PATHS = (
					"$(inherited)",
					"@executable_path/Frameworks",
				);
				PRODUCT_BUNDLE_IDENTIFIER = "Zachary-Moelchert.ReadyRecipes";
				PRODUCT_NAME = "$(TARGET_NAME)";
				SWIFT_VERSION = 5.0;
				TARGETED_DEVICE_FAMILY = "1,2";
			};
			name = Release;
		};
/* End XCBuildConfiguration section */

/* Begin XCConfigurationList section */
		D1D929712646EFFC009C500F /* Build configuration list for PBXProject "ReadyRecipes" */ = {
			isa = XCConfigurationList;
			buildConfigurations = (
				D1D929882646EFFE009C500F /* Debug */,
				D1D929892646EFFE009C500F /* Release */,
			);
			defaultConfigurationIsVisible = 0;
			defaultConfigurationName = Release;
		};
		D1D9298A2646EFFE009C500F /* Build configuration list for PBXNativeTarget "ReadyRecipes" */ = {
			isa = XCConfigurationList;
			buildConfigurations = (
				D1D9298B2646EFFE009C500F /* Debug */,
				D1D9298C2646EFFE009C500F /* Release */,
			);
			defaultConfigurationIsVisible = 0;
			defaultConfigurationName = Release;
		};
/* End XCConfigurationList section */
	};
	rootObject = D1D9296E2646EFFC009C500F /* Project object */;
}
